
Microsoft Visual Studio Solution File, Format Version 12.00
# Visual Studio Version 16
VisualStudioVersion = 16.0.29509.3
MinimumVisualStudioVersion = 10.0.40219.1
Project("{9A19103F-16F7-4668-BE54-9A1E7A4F7556}") = "Examples.ConsoleApp", "Examples.ConsoleApp\Examples.ConsoleApp.csproj", "{58ACEEA4-06D9-4852-88C7-36F26217B248}"
EndProject
Project("{9A19103F-16F7-4668-BE54-9A1E7A4F7556}") = "Examples.Classes", "Examples.Classes\Examples.Classes.csproj", "{492A0D8A-11F5-40F3-A77E-3EBA84B1A30A}"
EndProject
Project("{9A19103F-16F7-4668-BE54-9A1E7A4F7556}") = "Examples.Extensions", "Examples.Extensions\Examples.Extensions.csproj", "{5BAF18D4-DDF6-4AAC-A93E-E69F8CF5FDF5}"
EndProject
Project("{9A19103F-16F7-4668-BE54-9A1E7A4F7556}") = "Examples.Domain.DatabaseFirst", "Examples.Domain.DatabaseFirst\Examples.Domain.DatabaseFirst.csproj", "{F825E15A-9937-4A38-B589-04073F42F1BD}"
EndProject
Project("{FAE04EC0-301F-11D3-BF4B-00C04F79EFBC}") = "Examples.Infrastructure.Repositories", "Examples.Infrastructure.Repositories\Examples.Infrastructure.Repositories.csproj", "{D2BCCBCE-90EE-4AE5-A15D-B219801AD4EC}"
EndProject
Global
	GlobalSection(SolutionConfigurationPlatforms) = preSolution
		Debug|Any CPU = Debug|Any CPU
		Release|Any CPU = Release|Any CPU
	EndGlobalSection
	GlobalSection(ProjectConfigurationPlatforms) = postSolution
		{58ACEEA4-06D9-4852-88C7-36F26217B248}.Debug|Any CPU.ActiveCfg = Debug|Any CPU
		{58ACEEA4-06D9-4852-88C7-36F26217B248}.Debug|Any CPU.Build.0 = Debug|Any CPU
		{58ACEEA4-06D9-4852-88C7-36F26217B248}.Release|Any CPU.ActiveCfg = Release|Any CPU
		{58ACEEA4-06D9-4852-88C7-36F26217B248}.Release|Any CPU.Build.0 = Release|Any CPU
		{492A0D8A-11F5-40F3-A77E-3EBA84B1A30A}.Debug|Any CPU.ActiveCfg = Debug|Any CPU
		{492A0D8A-11F5-40F3-A77E-3EBA84B1A30A}.Debug|Any CPU.Build.0 = Debug|Any CPU
		{492A0D8A-11F5-40F3-A77E-3EBA84B1A30A}.Release|Any CPU.ActiveCfg = Release|Any CPU
		{492A0D8A-11F5-40F3-A77E-3EBA84B1A30A}.Release|Any CPU.Build.0 = Release|Any CPU
		{5BAF18D4-DDF6-4AAC-A93E-E69F8CF5FDF5}.Debug|Any CPU.ActiveCfg = Debug|Any CPU
		{5BAF18D4-DDF6-4AAC-A93E-E69F8CF5FDF5}.Debug|Any CPU.Build.0 = Debug|Any CPU
		{5BAF18D4-DDF6-4AAC-A93E-E69F8CF5FDF5}.Release|Any CPU.ActiveCfg = Release|Any CPU
		{5BAF18D4-DDF6-4AAC-A93E-E69F8CF5FDF5}.Release|Any CPU.Build.0 = Release|Any CPU
		{F825E15A-9937-4A38-B589-04073F42F1BD}.Debug|Any CPU.ActiveCfg = Debug|Any CPU
		{F825E15A-9937-4A38-B589-04073F42F1BD}.Debug|Any CPU.Build.0 = Debug|Any CPU
		{F825E15A-9937-4A38-B589-04073F42F1BD}.Release|Any CPU.ActiveCfg = Release|Any CPU
		{F825E15A-9937-4A38-B589-04073F42F1BD}.Release|Any CPU.Build.0 = Release|Any CPU
		{D2BCCBCE-90EE-4AE5-A15D-B219801AD4EC}.Debug|Any CPU.ActiveCfg = Debug|Any CPU
		{D2BCCBCE-90EE-4AE5-A15D-B219801AD4EC}.Debug|Any CPU.Build.0 = Debug|Any CPU
		{D2BCCBCE-90EE-4AE5-A15D-B219801AD4EC}.Release|Any CPU.ActiveCfg = Release|Any CPU
		{D2BCCBCE-90EE-4AE5-A15D-B219801AD4EC}.Release|Any CPU.Build.0 = Release|Any CPU
	EndGlobalSection
	GlobalSection(SolutionProperties) = preSolution
		HideSolutionNode = FALSE
	EndGlobalSection
	GlobalSection(ExtensibilityGlobals) = postSolution
		SolutionGuid = {E818E20B-0685-4BEE-A72F-C4AF41302684}
	EndGlobalSection
EndGlobal
